// !$*UTF8*$!
{
	archiveVersion = 1;
	classes = {
	};
	objectVersion = 56;
	objects = {

/* Begin PBXBuildFile section */
		776C3D4A2A5E8BF50004AB18 /* TutorialIntro2.swift in Sources */ = {isa = PBXBuildFile; fileRef = 776C3D492A5E8BF50004AB18 /* TutorialIntro2.swift */; };
		8D0587992A651E0A00B9703D /* UserDataModel.swift in Sources */ = {isa = PBXBuildFile; fileRef = 8D0587982A651E0A00B9703D /* UserDataModel.swift */; };
		8D05879B2A651E3100B9703D /* LevelDataModel.swift in Sources */ = {isa = PBXBuildFile; fileRef = 8D05879A2A651E3100B9703D /* LevelDataModel.swift */; };
		8D27B4A02A6507FA00D92B68 /* GameView.swift in Sources */ = {isa = PBXBuildFile; fileRef = 8D27B49F2A6507FA00D92B68 /* GameView.swift */; };
		8DB3E17B2A663CC00099EE28 /* SubjectReference.swift in Sources */ = {isa = PBXBuildFile; fileRef = 8DB3E17A2A663CC00099EE28 /* SubjectReference.swift */; };
		8DB3E17C2A663E5C0099EE28 /* DataModel.xcdatamodeld in Sources */ = {isa = PBXBuildFile; fileRef = AC6AC7932A5C1AB4000483FF /* DataModel.xcdatamodeld */; };
		8DB3E17D2A6640600099EE28 /* GameMenuStatusBar.swift in Sources */ = {isa = PBXBuildFile; fileRef = AC6AC7612A5BAA83000483FF /* GameMenuStatusBar.swift */; };
		8DB3E1922A6641E30099EE28 /* GameViewController.swift in Sources */ = {isa = PBXBuildFile; fileRef = 8DB3E17F2A6641E30099EE28 /* GameViewController.swift */; };
		8DB3E1942A6641E30099EE28 /* ObjectNode.swift in Sources */ = {isa = PBXBuildFile; fileRef = 8DB3E1822A6641E30099EE28 /* ObjectNode.swift */; };
		8DB3E1952A6641E30099EE28 /* PizzaModel.swift in Sources */ = {isa = PBXBuildFile; fileRef = 8DB3E1832A6641E30099EE28 /* PizzaModel.swift */; };
		8DB3E1962A6641E30099EE28 /* CustomerModel.swift in Sources */ = {isa = PBXBuildFile; fileRef = 8DB3E1842A6641E30099EE28 /* CustomerModel.swift */; };
		8DB3E1972A6641E30099EE28 /* LaunchScreen.storyboard in Resources */ = {isa = PBXBuildFile; fileRef = 8DB3E1852A6641E30099EE28 /* LaunchScreen.storyboard */; };
		8DB3E1982A6641E30099EE28 /* Main.storyboard in Resources */ = {isa = PBXBuildFile; fileRef = 8DB3E1872A6641E30099EE28 /* Main.storyboard */; };
		8DB3E1992A6641E30099EE28 /* ButtonController.swift in Sources */ = {isa = PBXBuildFile; fileRef = 8DB3E18A2A6641E30099EE28 /* ButtonController.swift */; };
		8DB3E19A2A6641E30099EE28 /* CustomerController.swift in Sources */ = {isa = PBXBuildFile; fileRef = 8DB3E18B2A6641E30099EE28 /* CustomerController.swift */; };
		8DB3E19B2A6641E30099EE28 /* DragItemController.swift in Sources */ = {isa = PBXBuildFile; fileRef = 8DB3E18C2A6641E30099EE28 /* DragItemController.swift */; };
		8DB3E19C2A6641E30099EE28 /* PizzaController.swift in Sources */ = {isa = PBXBuildFile; fileRef = 8DB3E18D2A6641E30099EE28 /* PizzaController.swift */; };
		8DB3E19D2A6641E30099EE28 /* GameScene.sks in Resources */ = {isa = PBXBuildFile; fileRef = 8DB3E18E2A6641E30099EE28 /* GameScene.sks */; };
		8DB3E19E2A6641E30099EE28 /* AppDelegate.swift in Sources */ = {isa = PBXBuildFile; fileRef = 8DB3E18F2A6641E30099EE28 /* AppDelegate.swift */; };
		8DB3E19F2A6641E30099EE28 /* GameScene.swift in Sources */ = {isa = PBXBuildFile; fileRef = 8DB3E1902A6641E30099EE28 /* GameScene.swift */; };
		8DB3E1A02A6641E30099EE28 /* Actions.sks in Resources */ = {isa = PBXBuildFile; fileRef = 8DB3E1912A6641E30099EE28 /* Actions.sks */; };
		AC19C3B32A5A9DAE00B997B3 /* ComingSoon.swift in Sources */ = {isa = PBXBuildFile; fileRef = AC19C3B22A5A9DAE00B997B3 /* ComingSoon.swift */; };
		AC19C3B52A5AA14700B997B3 /* FractionLevel1.swift in Sources */ = {isa = PBXBuildFile; fileRef = AC19C3B42A5AA14700B997B3 /* FractionLevel1.swift */; };
		AC1EE35F2A57DD8400622438 /* MathApp.swift in Sources */ = {isa = PBXBuildFile; fileRef = AC1EE35E2A57DD8400622438 /* MathApp.swift */; };
		AC1EE3612A57DD8400622438 /* ContentView.swift in Sources */ = {isa = PBXBuildFile; fileRef = AC1EE3602A57DD8400622438 /* ContentView.swift */; };
		AC1EE3632A57DD8600622438 /* Assets.xcassets in Resources */ = {isa = PBXBuildFile; fileRef = AC1EE3622A57DD8600622438 /* Assets.xcassets */; };
		AC1EE3662A57DD8600622438 /* Preview Assets.xcassets in Resources */ = {isa = PBXBuildFile; fileRef = AC1EE3652A57DD8600622438 /* Preview Assets.xcassets */; };
		AC1EE36D2A57DEF400622438 /* Splash Screen.swift in Sources */ = {isa = PBXBuildFile; fileRef = AC1EE36C2A57DEF400622438 /* Splash Screen.swift */; };
		AC3C24D82A5E92C100F9C6CC /* StaticData.swift in Sources */ = {isa = PBXBuildFile; fileRef = AC3C24D72A5E92C100F9C6CC /* StaticData.swift */; };
		AC6AC79A2A5C51B5000483FF /* SubjectDataModel.swift in Sources */ = {isa = PBXBuildFile; fileRef = AC6AC7992A5C51B5000483FF /* SubjectDataModel.swift */; };
		AC6AC79D2A5C52B2000483FF /* DataController.swift in Sources */ = {isa = PBXBuildFile; fileRef = AC6AC79C2A5C52B2000483FF /* DataController.swift */; };
		AC6AC79F2A5C536B000483FF /* DataSeeder.swift in Sources */ = {isa = PBXBuildFile; fileRef = AC6AC79E2A5C536B000483FF /* DataSeeder.swift */; };
		AC7561CC2A58FAD500993230 /* Game Map.swift in Sources */ = {isa = PBXBuildFile; fileRef = AC7561CB2A58FAD500993230 /* Game Map.swift */; };
		AC927A902A581A25003A5D5C /* ColorExtension.swift in Sources */ = {isa = PBXBuildFile; fileRef = AC927A8F2A581A25003A5D5C /* ColorExtension.swift */; };
		ACA496932A664FAD006DAA59 /* InGameStatusBar.swift in Sources */ = {isa = PBXBuildFile; fileRef = AC6AC7632A5BD21B000483FF /* InGameStatusBar.swift */; };
		ACA496942A664FAF006DAA59 /* TutorialIntro.swift in Sources */ = {isa = PBXBuildFile; fileRef = 77874C682A581E2000DE4383 /* TutorialIntro.swift */; };
		ACA496962A666374006DAA59 /* LevelClearPage.swift in Sources */ = {isa = PBXBuildFile; fileRef = ACA496952A666374006DAA59 /* LevelClearPage.swift */; };
/* End PBXBuildFile section */

/* Begin PBXFileReference section */
		776C3D492A5E8BF50004AB18 /* TutorialIntro2.swift */ = {isa = PBXFileReference; lastKnownFileType = sourcecode.swift; path = TutorialIntro2.swift; sourceTree = "<group>"; };
		77874C682A581E2000DE4383 /* TutorialIntro.swift */ = {isa = PBXFileReference; lastKnownFileType = sourcecode.swift; path = TutorialIntro.swift; sourceTree = "<group>"; };
		8D0587982A651E0A00B9703D /* UserDataModel.swift */ = {isa = PBXFileReference; lastKnownFileType = sourcecode.swift; path = UserDataModel.swift; sourceTree = "<group>"; };
		8D05879A2A651E3100B9703D /* LevelDataModel.swift */ = {isa = PBXFileReference; lastKnownFileType = sourcecode.swift; path = LevelDataModel.swift; sourceTree = "<group>"; };
		8D27B49F2A6507FA00D92B68 /* GameView.swift */ = {isa = PBXFileReference; lastKnownFileType = sourcecode.swift; path = GameView.swift; sourceTree = "<group>"; };
		8DB3E17A2A663CC00099EE28 /* SubjectReference.swift */ = {isa = PBXFileReference; fileEncoding = 4; lastKnownFileType = sourcecode.swift; name = SubjectReference.swift; path = Math/Views/Fraction/SubjectReference.swift; sourceTree = SOURCE_ROOT; };
		8DB3E17F2A6641E30099EE28 /* GameViewController.swift */ = {isa = PBXFileReference; fileEncoding = 4; lastKnownFileType = sourcecode.swift; path = GameViewController.swift; sourceTree = "<group>"; };
		8DB3E1822A6641E30099EE28 /* ObjectNode.swift */ = {isa = PBXFileReference; fileEncoding = 4; lastKnownFileType = sourcecode.swift; path = ObjectNode.swift; sourceTree = "<group>"; };
		8DB3E1832A6641E30099EE28 /* PizzaModel.swift */ = {isa = PBXFileReference; fileEncoding = 4; lastKnownFileType = sourcecode.swift; path = PizzaModel.swift; sourceTree = "<group>"; };
		8DB3E1842A6641E30099EE28 /* CustomerModel.swift */ = {isa = PBXFileReference; fileEncoding = 4; lastKnownFileType = sourcecode.swift; path = CustomerModel.swift; sourceTree = "<group>"; };
		8DB3E1862A6641E30099EE28 /* Base */ = {isa = PBXFileReference; lastKnownFileType = file.storyboard; name = Base; path = Base.lproj/LaunchScreen.storyboard; sourceTree = "<group>"; };
		8DB3E1882A6641E30099EE28 /* Base */ = {isa = PBXFileReference; lastKnownFileType = file.storyboard; name = Base; path = Base.lproj/Main.storyboard; sourceTree = "<group>"; };
		8DB3E18A2A6641E30099EE28 /* ButtonController.swift */ = {isa = PBXFileReference; fileEncoding = 4; lastKnownFileType = sourcecode.swift; path = ButtonController.swift; sourceTree = "<group>"; };
		8DB3E18B2A6641E30099EE28 /* CustomerController.swift */ = {isa = PBXFileReference; fileEncoding = 4; lastKnownFileType = sourcecode.swift; path = CustomerController.swift; sourceTree = "<group>"; };
		8DB3E18C2A6641E30099EE28 /* DragItemController.swift */ = {isa = PBXFileReference; fileEncoding = 4; lastKnownFileType = sourcecode.swift; path = DragItemController.swift; sourceTree = "<group>"; };
		8DB3E18D2A6641E30099EE28 /* PizzaController.swift */ = {isa = PBXFileReference; fileEncoding = 4; lastKnownFileType = sourcecode.swift; path = PizzaController.swift; sourceTree = "<group>"; };
		8DB3E18E2A6641E30099EE28 /* GameScene.sks */ = {isa = PBXFileReference; lastKnownFileType = file.sks; path = GameScene.sks; sourceTree = "<group>"; };
		8DB3E18F2A6641E30099EE28 /* AppDelegate.swift */ = {isa = PBXFileReference; fileEncoding = 4; lastKnownFileType = sourcecode.swift; path = AppDelegate.swift; sourceTree = "<group>"; };
		8DB3E1902A6641E30099EE28 /* GameScene.swift */ = {isa = PBXFileReference; fileEncoding = 4; lastKnownFileType = sourcecode.swift; path = GameScene.swift; sourceTree = "<group>"; };
		8DB3E1912A6641E30099EE28 /* Actions.sks */ = {isa = PBXFileReference; lastKnownFileType = file.sks; path = Actions.sks; sourceTree = "<group>"; };
		AC19C3B22A5A9DAE00B997B3 /* ComingSoon.swift */ = {isa = PBXFileReference; lastKnownFileType = sourcecode.swift; path = ComingSoon.swift; sourceTree = "<group>"; };
		AC19C3B42A5AA14700B997B3 /* FractionLevel1.swift */ = {isa = PBXFileReference; lastKnownFileType = sourcecode.swift; path = FractionLevel1.swift; sourceTree = "<group>"; };
		AC1EE35B2A57DD8400622438 /* Math.app */ = {isa = PBXFileReference; explicitFileType = wrapper.application; includeInIndex = 0; path = Math.app; sourceTree = BUILT_PRODUCTS_DIR; };
		AC1EE35E2A57DD8400622438 /* MathApp.swift */ = {isa = PBXFileReference; lastKnownFileType = sourcecode.swift; path = MathApp.swift; sourceTree = "<group>"; };
		AC1EE3602A57DD8400622438 /* ContentView.swift */ = {isa = PBXFileReference; lastKnownFileType = sourcecode.swift; path = ContentView.swift; sourceTree = "<group>"; };
		AC1EE3622A57DD8600622438 /* Assets.xcassets */ = {isa = PBXFileReference; lastKnownFileType = folder.assetcatalog; path = Assets.xcassets; sourceTree = "<group>"; };
		AC1EE3652A57DD8600622438 /* Preview Assets.xcassets */ = {isa = PBXFileReference; lastKnownFileType = folder.assetcatalog; path = "Preview Assets.xcassets"; sourceTree = "<group>"; };
		AC1EE36C2A57DEF400622438 /* Splash Screen.swift */ = {isa = PBXFileReference; lastKnownFileType = sourcecode.swift; path = "Splash Screen.swift"; sourceTree = "<group>"; };
		AC3C24D72A5E92C100F9C6CC /* StaticData.swift */ = {isa = PBXFileReference; lastKnownFileType = sourcecode.swift; path = StaticData.swift; sourceTree = "<group>"; };
		AC3C24DA2A5E94A700F9C6CC /* SubjectReference.swift */ = {isa = PBXFileReference; lastKnownFileType = sourcecode.swift; path = SubjectReference.swift; sourceTree = "<group>"; };
		AC6AC7612A5BAA83000483FF /* GameMenuStatusBar.swift */ = {isa = PBXFileReference; lastKnownFileType = sourcecode.swift; path = GameMenuStatusBar.swift; sourceTree = "<group>"; };
		AC6AC7632A5BD21B000483FF /* InGameStatusBar.swift */ = {isa = PBXFileReference; lastKnownFileType = sourcecode.swift; path = InGameStatusBar.swift; sourceTree = "<group>"; };
		AC6AC7942A5C1AB4000483FF /* SubjectDataModel.xcdatamodel */ = {isa = PBXFileReference; lastKnownFileType = wrapper.xcdatamodel; path = SubjectDataModel.xcdatamodel; sourceTree = "<group>"; };
		AC6AC7992A5C51B5000483FF /* SubjectDataModel.swift */ = {isa = PBXFileReference; lastKnownFileType = sourcecode.swift; path = SubjectDataModel.swift; sourceTree = "<group>"; };
		AC6AC79C2A5C52B2000483FF /* DataController.swift */ = {isa = PBXFileReference; lastKnownFileType = sourcecode.swift; path = DataController.swift; sourceTree = "<group>"; };
		AC6AC79E2A5C536B000483FF /* DataSeeder.swift */ = {isa = PBXFileReference; lastKnownFileType = sourcecode.swift; path = DataSeeder.swift; sourceTree = "<group>"; };
		AC7561CB2A58FAD500993230 /* Game Map.swift */ = {isa = PBXFileReference; lastKnownFileType = sourcecode.swift; path = "Game Map.swift"; sourceTree = "<group>"; };
		AC927A8F2A581A25003A5D5C /* ColorExtension.swift */ = {isa = PBXFileReference; lastKnownFileType = sourcecode.swift; path = ColorExtension.swift; sourceTree = "<group>"; };
		ACA496952A666374006DAA59 /* LevelClearPage.swift */ = {isa = PBXFileReference; lastKnownFileType = sourcecode.swift; path = LevelClearPage.swift; sourceTree = "<group>"; };
/* End PBXFileReference section */

/* Begin PBXFrameworksBuildPhase section */
		AC1EE3582A57DD8400622438 /* Frameworks */ = {
			isa = PBXFrameworksBuildPhase;
			buildActionMask = 2147483647;
			files = (
			);
			runOnlyForDeploymentPostprocessing = 0;
		};
/* End PBXFrameworksBuildPhase section */

/* Begin PBXGroup section */
		8D27B49C2A65073900D92B68 /* Recovered References */ = {
			isa = PBXGroup;
			children = (
				AC3C24DA2A5E94A700F9C6CC /* SubjectReference.swift */,
			);
			name = "Recovered References";
			sourceTree = "<group>";
		};
		8DB3E17E2A6641E30099EE28 /* Gamification */ = {
			isa = PBXGroup;
			children = (
				8DB3E17F2A6641E30099EE28 /* GameViewController.swift */,
				8DB3E1812A6641E30099EE28 /* Models */,
				8DB3E1852A6641E30099EE28 /* LaunchScreen.storyboard */,
				8DB3E1872A6641E30099EE28 /* Main.storyboard */,
				8DB3E1892A6641E30099EE28 /* Controller */,
				8DB3E18E2A6641E30099EE28 /* GameScene.sks */,
				8DB3E18F2A6641E30099EE28 /* AppDelegate.swift */,
				8DB3E1902A6641E30099EE28 /* GameScene.swift */,
				8DB3E1912A6641E30099EE28 /* Actions.sks */,
			);
			path = Gamification;
			sourceTree = "<group>";
		};
		8DB3E1812A6641E30099EE28 /* Models */ = {
			isa = PBXGroup;
			children = (
				8DB3E1822A6641E30099EE28 /* ObjectNode.swift */,
				8DB3E1832A6641E30099EE28 /* PizzaModel.swift */,
				8DB3E1842A6641E30099EE28 /* CustomerModel.swift */,
			);
			path = Models;
			sourceTree = "<group>";
		};
		8DB3E1892A6641E30099EE28 /* Controller */ = {
			isa = PBXGroup;
			children = (
				8DB3E18A2A6641E30099EE28 /* ButtonController.swift */,
				8DB3E18B2A6641E30099EE28 /* CustomerController.swift */,
				8DB3E18C2A6641E30099EE28 /* DragItemController.swift */,
				8DB3E18D2A6641E30099EE28 /* PizzaController.swift */,
			);
			path = Controller;
			sourceTree = "<group>";
		};
		AC19C3A22A5A616200B997B3 /* Views */ = {
			isa = PBXGroup;
			children = (
				AC6AC7602A5BAA2F000483FF /* Utility Template */,
				AC1EE3602A57DD8400622438 /* ContentView.swift */,
				77874C682A581E2000DE4383 /* TutorialIntro.swift */,
				776C3D492A5E8BF50004AB18 /* TutorialIntro2.swift */,
				AC1EE36C2A57DEF400622438 /* Splash Screen.swift */,
				AC19C3AF2A5A9D4300B997B3 /* Fraction */,
				8D27B49F2A6507FA00D92B68 /* GameView.swift */,
			);
			path = Views;
			sourceTree = "<group>";
		};
		AC19C3A32A5A618E00B997B3 /* Models */ = {
			isa = PBXGroup;
			children = (
				AC6AC7932A5C1AB4000483FF /* DataModel.xcdatamodeld */,
				AC3C24D72A5E92C100F9C6CC /* StaticData.swift */,
				AC6AC7992A5C51B5000483FF /* SubjectDataModel.swift */,
				8D0587982A651E0A00B9703D /* UserDataModel.swift */,
				8D05879A2A651E3100B9703D /* LevelDataModel.swift */,
			);
			path = Models;
			sourceTree = "<group>";
		};
		AC19C3AF2A5A9D4300B997B3 /* Fraction */ = {
			isa = PBXGroup;
			children = (
				AC19C3B42A5AA14700B997B3 /* FractionLevel1.swift */,
				8DB3E17A2A663CC00099EE28 /* SubjectReference.swift */,
			);
			path = Fraction;
			sourceTree = "<group>";
		};
		AC1EE3522A57DD8400622438 = {
			isa = PBXGroup;
			children = (
				8DB3E17E2A6641E30099EE28 /* Gamification */,
				AC1EE35D2A57DD8400622438 /* Math */,
				AC1EE35C2A57DD8400622438 /* Products */,
				8D27B49C2A65073900D92B68 /* Recovered References */,
			);
			sourceTree = "<group>";
		};
		AC1EE35C2A57DD8400622438 /* Products */ = {
			isa = PBXGroup;
			children = (
				AC1EE35B2A57DD8400622438 /* Math.app */,
			);
			name = Products;
			sourceTree = "<group>";
		};
		AC1EE35D2A57DD8400622438 /* Math */ = {
			isa = PBXGroup;
			children = (
				AC6AC79B2A5C526D000483FF /* Controller */,
				AC19C3A32A5A618E00B997B3 /* Models */,
				AC1EE35E2A57DD8400622438 /* MathApp.swift */,
				AC19C3A22A5A616200B997B3 /* Views */,
				AC1EE3622A57DD8600622438 /* Assets.xcassets */,
				AC1EE3642A57DD8600622438 /* Preview Content */,
			);
			path = Math;
			sourceTree = "<group>";
		};
		AC1EE3642A57DD8600622438 /* Preview Content */ = {
			isa = PBXGroup;
			children = (
				AC1EE3652A57DD8600622438 /* Preview Assets.xcassets */,
			);
			path = "Preview Content";
			sourceTree = "<group>";
		};
		AC6AC7602A5BAA2F000483FF /* Utility Template */ = {
			isa = PBXGroup;
			children = (
				AC7561CB2A58FAD500993230 /* Game Map.swift */,
				AC927A8F2A581A25003A5D5C /* ColorExtension.swift */,
				AC6AC7612A5BAA83000483FF /* GameMenuStatusBar.swift */,
				AC6AC7632A5BD21B000483FF /* InGameStatusBar.swift */,
				AC19C3B22A5A9DAE00B997B3 /* ComingSoon.swift */,
				ACA496952A666374006DAA59 /* LevelClearPage.swift */,
			);
			path = "Utility Template";
			sourceTree = "<group>";
		};
		AC6AC79B2A5C526D000483FF /* Controller */ = {
			isa = PBXGroup;
			children = (
				AC6AC79C2A5C52B2000483FF /* DataController.swift */,
				AC6AC79E2A5C536B000483FF /* DataSeeder.swift */,
			);
			path = Controller;
			sourceTree = "<group>";
		};
/* End PBXGroup section */

/* Begin PBXNativeTarget section */
		AC1EE35A2A57DD8400622438 /* Math */ = {
			isa = PBXNativeTarget;
			buildConfigurationList = AC1EE3692A57DD8600622438 /* Build configuration list for PBXNativeTarget "Math" */;
			buildPhases = (
				AC1EE3572A57DD8400622438 /* Sources */,
				AC1EE3582A57DD8400622438 /* Frameworks */,
				AC1EE3592A57DD8400622438 /* Resources */,
			);
			buildRules = (
			);
			dependencies = (
			);
			name = Math;
			productName = Math;
			productReference = AC1EE35B2A57DD8400622438 /* Math.app */;
			productType = "com.apple.product-type.application";
		};
/* End PBXNativeTarget section */

/* Begin PBXProject section */
		AC1EE3532A57DD8400622438 /* Project object */ = {
			isa = PBXProject;
			attributes = {
				BuildIndependentTargetsInParallel = 1;
				LastSwiftUpdateCheck = 1430;
				LastUpgradeCheck = 1430;
				TargetAttributes = {
					AC1EE35A2A57DD8400622438 = {
						CreatedOnToolsVersion = 14.3.1;
					};
				};
			};
			buildConfigurationList = AC1EE3562A57DD8400622438 /* Build configuration list for PBXProject "Math" */;
			compatibilityVersion = "Xcode 14.0";
			developmentRegion = en;
			hasScannedForEncodings = 0;
			knownRegions = (
				en,
				Base,
			);
			mainGroup = AC1EE3522A57DD8400622438;
			productRefGroup = AC1EE35C2A57DD8400622438 /* Products */;
			projectDirPath = "";
			projectRoot = "";
			targets = (
				AC1EE35A2A57DD8400622438 /* Math */,
			);
		};
/* End PBXProject section */

/* Begin PBXResourcesBuildPhase section */
		AC1EE3592A57DD8400622438 /* Resources */ = {
			isa = PBXResourcesBuildPhase;
			buildActionMask = 2147483647;
			files = (
				8DB3E1A02A6641E30099EE28 /* Actions.sks in Resources */,
				AC1EE3662A57DD8600622438 /* Preview Assets.xcassets in Resources */,
				8DB3E1982A6641E30099EE28 /* Main.storyboard in Resources */,
				8DB3E1972A6641E30099EE28 /* LaunchScreen.storyboard in Resources */,
				8DB3E19D2A6641E30099EE28 /* GameScene.sks in Resources */,
				AC1EE3632A57DD8600622438 /* Assets.xcassets in Resources */,
			);
			runOnlyForDeploymentPostprocessing = 0;
		};
/* End PBXResourcesBuildPhase section */

/* Begin PBXSourcesBuildPhase section */
		AC1EE3572A57DD8400622438 /* Sources */ = {
			isa = PBXSourcesBuildPhase;
			buildActionMask = 2147483647;
			files = (
				8DB3E17C2A663E5C0099EE28 /* DataModel.xcdatamodeld in Sources */,
				AC7561CC2A58FAD500993230 /* Game Map.swift in Sources */,
				776C3D4A2A5E8BF50004AB18 /* TutorialIntro2.swift in Sources */,
				8DB3E1992A6641E30099EE28 /* ButtonController.swift in Sources */,
				AC19C3B32A5A9DAE00B997B3 /* ComingSoon.swift in Sources */,
				8DB3E1942A6641E30099EE28 /* ObjectNode.swift in Sources */,
				8DB3E1952A6641E30099EE28 /* PizzaModel.swift in Sources */,
				8D05879B2A651E3100B9703D /* LevelDataModel.swift in Sources */,
				8D27B4A02A6507FA00D92B68 /* GameView.swift in Sources */,
				AC6AC79F2A5C536B000483FF /* DataSeeder.swift in Sources */,
				AC6AC79D2A5C52B2000483FF /* DataController.swift in Sources */,
				8DB3E1922A6641E30099EE28 /* GameViewController.swift in Sources */,
				AC1EE36D2A57DEF400622438 /* Splash Screen.swift in Sources */,
				8DB3E19B2A6641E30099EE28 /* DragItemController.swift in Sources */,
				AC1EE3612A57DD8400622438 /* ContentView.swift in Sources */,
				8DB3E17D2A6640600099EE28 /* GameMenuStatusBar.swift in Sources */,
				AC927A902A581A25003A5D5C /* ColorExtension.swift in Sources */,
				AC1EE35F2A57DD8400622438 /* MathApp.swift in Sources */,
				8DB3E19C2A6641E30099EE28 /* PizzaController.swift in Sources */,
				8DB3E19A2A6641E30099EE28 /* CustomerController.swift in Sources */,
				ACA496942A664FAF006DAA59 /* TutorialIntro.swift in Sources */,
				AC19C3B52A5AA14700B997B3 /* FractionLevel1.swift in Sources */,
				8DB3E19E2A6641E30099EE28 /* AppDelegate.swift in Sources */,
				AC6AC79A2A5C51B5000483FF /* SubjectDataModel.swift in Sources */,
				8DB3E17B2A663CC00099EE28 /* SubjectReference.swift in Sources */,
				8DB3E1962A6641E30099EE28 /* CustomerModel.swift in Sources */,
				8D0587992A651E0A00B9703D /* UserDataModel.swift in Sources */,
				8DB3E19F2A6641E30099EE28 /* GameScene.swift in Sources */,
				ACA496962A666374006DAA59 /* LevelClearPage.swift in Sources */,
				ACA496932A664FAD006DAA59 /* InGameStatusBar.swift in Sources */,
				AC3C24D82A5E92C100F9C6CC /* StaticData.swift in Sources */,
			);
			runOnlyForDeploymentPostprocessing = 0;
		};
/* End PBXSourcesBuildPhase section */

/* Begin PBXVariantGroup section */
		8DB3E1852A6641E30099EE28 /* LaunchScreen.storyboard */ = {
			isa = PBXVariantGroup;
			children = (
				8DB3E1862A6641E30099EE28 /* Base */,
			);
			name = LaunchScreen.storyboard;
			sourceTree = "<group>";
		};
		8DB3E1872A6641E30099EE28 /* Main.storyboard */ = {
			isa = PBXVariantGroup;
			children = (
				8DB3E1882A6641E30099EE28 /* Base */,
			);
			name = Main.storyboard;
			sourceTree = "<group>";
		};
/* End PBXVariantGroup section */

/* Begin XCBuildConfiguration section */
		AC1EE3672A57DD8600622438 /* Debug */ = {
			isa = XCBuildConfiguration;
			buildSettings = {
				ALWAYS_SEARCH_USER_PATHS = NO;
				CLANG_ANALYZER_NONNULL = YES;
				CLANG_ANALYZER_NUMBER_OBJECT_CONVERSION = YES_AGGRESSIVE;
				CLANG_CXX_LANGUAGE_STANDARD = "gnu++20";
				CLANG_ENABLE_MODULES = YES;
				CLANG_ENABLE_OBJC_ARC = YES;
				CLANG_ENABLE_OBJC_WEAK = YES;
				CLANG_WARN_BLOCK_CAPTURE_AUTORELEASING = YES;
				CLANG_WARN_BOOL_CONVERSION = YES;
				CLANG_WARN_COMMA = YES;
				CLANG_WARN_CONSTANT_CONVERSION = YES;
				CLANG_WARN_DEPRECATED_OBJC_IMPLEMENTATIONS = YES;
				CLANG_WARN_DIRECT_OBJC_ISA_USAGE = YES_ERROR;
				CLANG_WARN_DOCUMENTATION_COMMENTS = YES;
				CLANG_WARN_EMPTY_BODY = YES;
				CLANG_WARN_ENUM_CONVERSION = YES;
				CLANG_WARN_INFINITE_RECURSION = YES;
				CLANG_WARN_INT_CONVERSION = YES;
				CLANG_WARN_NON_LITERAL_NULL_CONVERSION = YES;
				CLANG_WARN_OBJC_IMPLICIT_RETAIN_SELF = YES;
				CLANG_WARN_OBJC_LITERAL_CONVERSION = YES;
				CLANG_WARN_OBJC_ROOT_CLASS = YES_ERROR;
				CLANG_WARN_QUOTED_INCLUDE_IN_FRAMEWORK_HEADER = YES;
				CLANG_WARN_RANGE_LOOP_ANALYSIS = YES;
				CLANG_WARN_STRICT_PROTOTYPES = YES;
				CLANG_WARN_SUSPICIOUS_MOVE = YES;
				CLANG_WARN_UNGUARDED_AVAILABILITY = YES_AGGRESSIVE;
				CLANG_WARN_UNREACHABLE_CODE = YES;
				CLANG_WARN__DUPLICATE_METHOD_MATCH = YES;
				COPY_PHASE_STRIP = NO;
				DEBUG_INFORMATION_FORMAT = dwarf;
				ENABLE_STRICT_OBJC_MSGSEND = YES;
				ENABLE_TESTABILITY = YES;
				GCC_C_LANGUAGE_STANDARD = gnu11;
				GCC_DYNAMIC_NO_PIC = NO;
				GCC_NO_COMMON_BLOCKS = YES;
				GCC_OPTIMIZATION_LEVEL = 0;
				GCC_PREPROCESSOR_DEFINITIONS = (
					"DEBUG=1",
					"$(inherited)",
				);
				GCC_WARN_64_TO_32_BIT_CONVERSION = YES;
				GCC_WARN_ABOUT_RETURN_TYPE = YES_ERROR;
				GCC_WARN_UNDECLARED_SELECTOR = YES;
				GCC_WARN_UNINITIALIZED_AUTOS = YES_AGGRESSIVE;
				GCC_WARN_UNUSED_FUNCTION = YES;
				GCC_WARN_UNUSED_VARIABLE = YES;
				IPHONEOS_DEPLOYMENT_TARGET = 16.4;
				MTL_ENABLE_DEBUG_INFO = INCLUDE_SOURCE;
				MTL_FAST_MATH = YES;
				ONLY_ACTIVE_ARCH = YES;
				SDKROOT = iphoneos;
				SWIFT_ACTIVE_COMPILATION_CONDITIONS = DEBUG;
				SWIFT_OPTIMIZATION_LEVEL = "-Onone";
			};
			name = Debug;
		};
		AC1EE3682A57DD8600622438 /* Release */ = {
			isa = XCBuildConfiguration;
			buildSettings = {
				ALWAYS_SEARCH_USER_PATHS = NO;
				CLANG_ANALYZER_NONNULL = YES;
				CLANG_ANALYZER_NUMBER_OBJECT_CONVERSION = YES_AGGRESSIVE;
				CLANG_CXX_LANGUAGE_STANDARD = "gnu++20";
				CLANG_ENABLE_MODULES = YES;
				CLANG_ENABLE_OBJC_ARC = YES;
				CLANG_ENABLE_OBJC_WEAK = YES;
				CLANG_WARN_BLOCK_CAPTURE_AUTORELEASING = YES;
				CLANG_WARN_BOOL_CONVERSION = YES;
				CLANG_WARN_COMMA = YES;
				CLANG_WARN_CONSTANT_CONVERSION = YES;
				CLANG_WARN_DEPRECATED_OBJC_IMPLEMENTATIONS = YES;
				CLANG_WARN_DIRECT_OBJC_ISA_USAGE = YES_ERROR;
				CLANG_WARN_DOCUMENTATION_COMMENTS = YES;
				CLANG_WARN_EMPTY_BODY = YES;
				CLANG_WARN_ENUM_CONVERSION = YES;
				CLANG_WARN_INFINITE_RECURSION = YES;
				CLANG_WARN_INT_CONVERSION = YES;
				CLANG_WARN_NON_LITERAL_NULL_CONVERSION = YES;
				CLANG_WARN_OBJC_IMPLICIT_RETAIN_SELF = YES;
				CLANG_WARN_OBJC_LITERAL_CONVERSION = YES;
				CLANG_WARN_OBJC_ROOT_CLASS = YES_ERROR;
				CLANG_WARN_QUOTED_INCLUDE_IN_FRAMEWORK_HEADER = YES;
				CLANG_WARN_RANGE_LOOP_ANALYSIS = YES;
				CLANG_WARN_STRICT_PROTOTYPES = YES;
				CLANG_WARN_SUSPICIOUS_MOVE = YES;
				CLANG_WARN_UNGUARDED_AVAILABILITY = YES_AGGRESSIVE;
				CLANG_WARN_UNREACHABLE_CODE = YES;
				CLANG_WARN__DUPLICATE_METHOD_MATCH = YES;
				COPY_PHASE_STRIP = NO;
				DEBUG_INFORMATION_FORMAT = "dwarf-with-dsym";
				ENABLE_NS_ASSERTIONS = NO;
				ENABLE_STRICT_OBJC_MSGSEND = YES;
				GCC_C_LANGUAGE_STANDARD = gnu11;
				GCC_NO_COMMON_BLOCKS = YES;
				GCC_WARN_64_TO_32_BIT_CONVERSION = YES;
				GCC_WARN_ABOUT_RETURN_TYPE = YES_ERROR;
				GCC_WARN_UNDECLARED_SELECTOR = YES;
				GCC_WARN_UNINITIALIZED_AUTOS = YES_AGGRESSIVE;
				GCC_WARN_UNUSED_FUNCTION = YES;
				GCC_WARN_UNUSED_VARIABLE = YES;
				IPHONEOS_DEPLOYMENT_TARGET = 16.4;
				MTL_ENABLE_DEBUG_INFO = NO;
				MTL_FAST_MATH = YES;
				SDKROOT = iphoneos;
				SWIFT_COMPILATION_MODE = wholemodule;
				SWIFT_OPTIMIZATION_LEVEL = "-O";
				VALIDATE_PRODUCT = YES;
			};
			name = Release;
		};
		AC1EE36A2A57DD8600622438 /* Debug */ = {
			isa = XCBuildConfiguration;
			buildSettings = {
				ASSETCATALOG_COMPILER_APPICON_NAME = AppIcon;
				ASSETCATALOG_COMPILER_GLOBAL_ACCENT_COLOR_NAME = AccentColor;
				ASSETCATALOG_COMPILER_INCLUDE_ALL_APPICON_ASSETS = NO;
				CODE_SIGN_STYLE = Automatic;
				CURRENT_PROJECT_VERSION = 1;
				DEVELOPMENT_ASSET_PATHS = "\"Math/Preview Content\"";
				DEVELOPMENT_TEAM = RQC43WJC4G;
				ENABLE_PREVIEWS = YES;
				GENERATE_INFOPLIST_FILE = YES;
				INFOPLIST_KEY_CFBundleDisplayName = "PingMath!";
				INFOPLIST_KEY_LSApplicationCategoryType = "public.app-category.education";
				INFOPLIST_KEY_UIApplicationSceneManifest_Generation = YES;
				INFOPLIST_KEY_UIApplicationSupportsIndirectInputEvents = YES;
				INFOPLIST_KEY_UILaunchScreen_Generation = YES;
				INFOPLIST_KEY_UISupportedInterfaceOrientations_iPad = "UIInterfaceOrientationPortrait UIInterfaceOrientationPortraitUpsideDown UIInterfaceOrientationLandscapeLeft UIInterfaceOrientationLandscapeRight";
				INFOPLIST_KEY_UISupportedInterfaceOrientations_iPhone = "UIInterfaceOrientationPortrait UIInterfaceOrientationLandscapeLeft UIInterfaceOrientationLandscapeRight";
				LD_RUNPATH_SEARCH_PATHS = (
					"$(inherited)",
					"@executable_path/Frameworks",
				);
				MARKETING_VERSION = 1.0;
				PRODUCT_BUNDLE_IDENTIFIER = MathAppTeam1;
				PRODUCT_NAME = "$(TARGET_NAME)";
				SWIFT_EMIT_LOC_STRINGS = YES;
				SWIFT_VERSION = 5.0;
				TARGETED_DEVICE_FAMILY = "1,2";
			};
			name = Debug;
		};
		AC1EE36B2A57DD8600622438 /* Release */ = {
			isa = XCBuildConfiguration;
			buildSettings = {
				ASSETCATALOG_COMPILER_APPICON_NAME = AppIcon;
				ASSETCATALOG_COMPILER_GLOBAL_ACCENT_COLOR_NAME = AccentColor;
				ASSETCATALOG_COMPILER_INCLUDE_ALL_APPICON_ASSETS = NO;
				CODE_SIGN_STYLE = Automatic;
				CURRENT_PROJECT_VERSION = 1;
				DEVELOPMENT_ASSET_PATHS = "\"Math/Preview Content\"";
				DEVELOPMENT_TEAM = RQC43WJC4G;
				ENABLE_PREVIEWS = YES;
				GENERATE_INFOPLIST_FILE = YES;
				INFOPLIST_KEY_CFBundleDisplayName = "PingMath!";
				INFOPLIST_KEY_LSApplicationCategoryType = "public.app-category.education";
				INFOPLIST_KEY_UIApplicationSceneManifest_Generation = YES;
				INFOPLIST_KEY_UIApplicationSupportsIndirectInputEvents = YES;
				INFOPLIST_KEY_UILaunchScreen_Generation = YES;
				INFOPLIST_KEY_UISupportedInterfaceOrientations_iPad = "UIInterfaceOrientationPortrait UIInterfaceOrientationPortraitUpsideDown UIInterfaceOrientationLandscapeLeft UIInterfaceOrientationLandscapeRight";
				INFOPLIST_KEY_UISupportedInterfaceOrientations_iPhone = "UIInterfaceOrientationPortrait UIInterfaceOrientationLandscapeLeft UIInterfaceOrientationLandscapeRight";
				LD_RUNPATH_SEARCH_PATHS = (
					"$(inherited)",
					"@executable_path/Frameworks",
				);
				MARKETING_VERSION = 1.0;
				PRODUCT_BUNDLE_IDENTIFIER = MathAppTeam1;
				PRODUCT_NAME = "$(TARGET_NAME)";
				SWIFT_EMIT_LOC_STRINGS = YES;
				SWIFT_VERSION = 5.0;
				TARGETED_DEVICE_FAMILY = "1,2";
			};
			name = Release;
		};
/* End XCBuildConfiguration section */

/* Begin XCConfigurationList section */
		AC1EE3562A57DD8400622438 /* Build configuration list for PBXProject "Math" */ = {
			isa = XCConfigurationList;
			buildConfigurations = (
				AC1EE3672A57DD8600622438 /* Debug */,
				AC1EE3682A57DD8600622438 /* Release */,
			);
			defaultConfigurationIsVisible = 0;
			defaultConfigurationName = Release;
		};
		AC1EE3692A57DD8600622438 /* Build configuration list for PBXNativeTarget "Math" */ = {
			isa = XCConfigurationList;
			buildConfigurations = (
				AC1EE36A2A57DD8600622438 /* Debug */,
				AC1EE36B2A57DD8600622438 /* Release */,
			);
			defaultConfigurationIsVisible = 0;
			defaultConfigurationName = Release;
		};
/* End XCConfigurationList section */

/* Begin XCVersionGroup section */
		AC6AC7932A5C1AB4000483FF /* DataModel.xcdatamodeld */ = {
			isa = XCVersionGroup;
			children = (
				AC6AC7942A5C1AB4000483FF /* SubjectDataModel.xcdatamodel */,
			);
			currentVersion = AC6AC7942A5C1AB4000483FF /* SubjectDataModel.xcdatamodel */;
			path = DataModel.xcdatamodeld;
			sourceTree = "<group>";
			versionGroupType = wrapper.xcdatamodel;
		};
/* End XCVersionGroup section */
	};
	rootObject = AC1EE3532A57DD8400622438 /* Project object */;
}
